
Microsoft Visual Studio Solution File, Format Version 12.00
# Visual Studio Version 18
VisualStudioVersion = 18.0.11123.170 d18.0
MinimumVisualStudioVersion = 10.0.40219.1
Project("{FAE04EC0-301F-11D3-BF4B-00C04F79EFBC}") = "PlusUi.core", "source\PlusUi.core\PlusUi.core.csproj", "{D45F4DF6-5438-4486-B6CE-A43BFB55B772}"
EndProject
Project("{FAE04EC0-301F-11D3-BF4B-00C04F79EFBC}") = "UiPlus.core.Tests", "source\UiPlus.core.Tests\UiPlus.core.Tests.csproj", "{EA96D405-BFB9-4182-936A-4EFFA520F3A2}"
EndProject
Project("{2150E333-8FDC-42A3-9474-1A3956D46DE8}") = "0_Solution Items", "0_Solution Items", "{8EC462FD-D22E-90A8-E5CE-7E832BA40C5D}"
	ProjectSection(SolutionItems) = preProject
		.editorconfig = .editorconfig
		CLAUDE.md = CLAUDE.md
		.github\copilot-instructions.md = .github\copilot-instructions.md
		.github\workflows\main.yml = .github\workflows\main.yml
		obj.log = obj.log
		README.md = README.md
	EndProjectSection
EndProject
Project("{FAE04EC0-301F-11D3-BF4B-00C04F79EFBC}") = "PlusUi.desktop", "source\PlusUi.desktop\PlusUi.desktop.csproj", "{5ED91092-A0FC-48EB-B7BC-F8AC2E601D65}"
EndProject
Project("{2150E333-8FDC-42A3-9474-1A3956D46DE8}") = "1_TestProjects", "1_TestProjects", "{02EA681E-C7D8-13C7-8484-4AC65E1B71E8}"
EndProject
Project("{2150E333-8FDC-42A3-9474-1A3956D46DE8}") = "2_Core Lib", "2_Core Lib", "{A6F2765B-2FE3-4448-BD84-D656E66466C2}"
EndProject
Project("{2150E333-8FDC-42A3-9474-1A3956D46DE8}") = "3_Head Libs", "3_Head Libs", "{E0DFC523-7D7B-4C94-968B-98C31B06AEF6}"
EndProject
Project("{2150E333-8FDC-42A3-9474-1A3956D46DE8}") = "9_Unit Tests", "9_Unit Tests", "{9424FE2F-EA7C-49CB-9873-0F157F4C0B71}"
EndProject
Project("{FAE04EC0-301F-11D3-BF4B-00C04F79EFBC}") = "Sandbox", "samples\Sandbox\Sandbox.csproj", "{0E36168E-6AFF-4A5D-B871-7EC9CE8797E6}"
EndProject
Project("{FAE04EC0-301F-11D3-BF4B-00C04F79EFBC}") = "Sandbox.Desktop", "samples\Sandbox.Desktop\Sandbox.Desktop.csproj", "{81D9EBC3-0A38-4647-8EFB-9CDFA2EB6033}"
EndProject
Project("{FAE04EC0-301F-11D3-BF4B-00C04F79EFBC}") = "Sandbox.Android", "samples\Sandbox.Android\Sandbox.Android.csproj", "{ABDB8E7D-DDE7-45A0-A20A-6EAE66E7C72E}"
EndProject
Project("{FAE04EC0-301F-11D3-BF4B-00C04F79EFBC}") = "PlusUi.droid", "source\PlusUi.droid\PlusUi.droid.csproj", "{84849601-1348-4C5E-B654-9A984A08E62E}"
EndProject
Project("{FAE04EC0-301F-11D3-BF4B-00C04F79EFBC}") = "Sandbox.ios", "samples\Sandbox.ios\Sandbox.ios.csproj", "{BFF236E5-6FA1-4A70-90AD-A0C9609FE29B}"
EndProject
Project("{FAE04EC0-301F-11D3-BF4B-00C04F79EFBC}") = "PlusUi.ios", "source\PlusUi.ios\PlusUi.ios.csproj", "{FD4CEB9D-0EC5-49E1-B37D-C1170E581842}"
EndProject
Project("{FAE04EC0-301F-11D3-BF4B-00C04F79EFBC}") = "Sandbox.h264", "samples\Sandbox.h264\Sandbox.h264.csproj", "{7AB3027C-DDFB-4781-9D97-CDA6A204DC42}"
EndProject
Project("{FAE04EC0-301F-11D3-BF4B-00C04F79EFBC}") = "Sandbox.Headless", "samples\Sandbox.Headless\Sandbox.Headless.csproj", "{D5E6F7A8-9B0C-1D2E-3F4A-5B6C7D8E9F0A}"
EndProject
Project("{FAE04EC0-301F-11D3-BF4B-00C04F79EFBC}") = "PlusUi.h264", "source\PlusUi.h264\PlusUi.h264.csproj", "{B2B71706-0A48-42C1-AFC0-6D850EA76F3D}"
EndProject
Project("{FAE04EC0-301F-11D3-BF4B-00C04F79EFBC}") = "PlusUi.SourceGenerators", "source\PlusUi.SourceGenerators\PlusUi.SourceGenerators.csproj", "{776501BE-E5FE-1E06-690C-5957CD89BAED}"
EndProject
Project("{FAE04EC0-301F-11D3-BF4B-00C04F79EFBC}") = "PlusUi.Web", "source\PlusUi.Web\PlusUi.Web.csproj", "{2927AFDB-B5DD-695F-EFC1-D144737AF6D1}"
EndProject
Project("{FAE04EC0-301F-11D3-BF4B-00C04F79EFBC}") = "PlusUi.Headless", "source\PlusUi.Headless\PlusUi.Headless.csproj", "{C1A2B3D4-5E6F-7890-ABCD-EF1234567890}"
EndProject
Project("{2150E333-8FDC-42A3-9474-1A3956D46DE8}") = "8_Regression_Tests", "8_Regression_Tests", "{D23B5BAB-FB4E-48E6-927C-9B62259BA3A5}"
EndProject
Project("{FAE04EC0-301F-11D3-BF4B-00C04F79EFBC}") = "PlusUi.Regression.Core", "tests\PlusUi.Regression.Core\PlusUi.Regression.Core.csproj", "{123EC599-26AF-43F7-9774-0228CA4D3A4A}"
EndProject
Project("{FAE04EC0-301F-11D3-BF4B-00C04F79EFBC}") = "PlusUi.Regression.Application", "tests\PlusUi.Regression.Application\PlusUi.Regression.Application.csproj", "{C4AAD137-8AD3-469F-B55F-BB83EF2E9D29}"
EndProject
Global
	GlobalSection(SolutionConfigurationPlatforms) = preSolution
		Debug|Any CPU = Debug|Any CPU
		Release|Any CPU = Release|Any CPU
	EndGlobalSection
	GlobalSection(ProjectConfigurationPlatforms) = postSolution
		{D45F4DF6-5438-4486-B6CE-A43BFB55B772}.Debug|Any CPU.ActiveCfg = Debug|Any CPU
		{D45F4DF6-5438-4486-B6CE-A43BFB55B772}.Debug|Any CPU.Build.0 = Debug|Any CPU
		{D45F4DF6-5438-4486-B6CE-A43BFB55B772}.Release|Any CPU.ActiveCfg = Release|Any CPU
		{D45F4DF6-5438-4486-B6CE-A43BFB55B772}.Release|Any CPU.Build.0 = Release|Any CPU
		{EA96D405-BFB9-4182-936A-4EFFA520F3A2}.Debug|Any CPU.ActiveCfg = Debug|Any CPU
		{EA96D405-BFB9-4182-936A-4EFFA520F3A2}.Debug|Any CPU.Build.0 = Debug|Any CPU
		{EA96D405-BFB9-4182-936A-4EFFA520F3A2}.Release|Any CPU.ActiveCfg = Release|Any CPU
		{EA96D405-BFB9-4182-936A-4EFFA520F3A2}.Release|Any CPU.Build.0 = Release|Any CPU
		{5ED91092-A0FC-48EB-B7BC-F8AC2E601D65}.Debug|Any CPU.ActiveCfg = Debug|Any CPU
		{5ED91092-A0FC-48EB-B7BC-F8AC2E601D65}.Debug|Any CPU.Build.0 = Debug|Any CPU
		{5ED91092-A0FC-48EB-B7BC-F8AC2E601D65}.Release|Any CPU.ActiveCfg = Release|Any CPU
		{5ED91092-A0FC-48EB-B7BC-F8AC2E601D65}.Release|Any CPU.Build.0 = Release|Any CPU
		{0E36168E-6AFF-4A5D-B871-7EC9CE8797E6}.Debug|Any CPU.ActiveCfg = Debug|Any CPU
		{0E36168E-6AFF-4A5D-B871-7EC9CE8797E6}.Debug|Any CPU.Build.0 = Debug|Any CPU
		{0E36168E-6AFF-4A5D-B871-7EC9CE8797E6}.Release|Any CPU.ActiveCfg = Release|Any CPU
		{0E36168E-6AFF-4A5D-B871-7EC9CE8797E6}.Release|Any CPU.Build.0 = Release|Any CPU
		{81D9EBC3-0A38-4647-8EFB-9CDFA2EB6033}.Debug|Any CPU.ActiveCfg = Debug|Any CPU
		{81D9EBC3-0A38-4647-8EFB-9CDFA2EB6033}.Debug|Any CPU.Build.0 = Debug|Any CPU
		{81D9EBC3-0A38-4647-8EFB-9CDFA2EB6033}.Release|Any CPU.ActiveCfg = Release|Any CPU
		{81D9EBC3-0A38-4647-8EFB-9CDFA2EB6033}.Release|Any CPU.Build.0 = Release|Any CPU
		{ABDB8E7D-DDE7-45A0-A20A-6EAE66E7C72E}.Debug|Any CPU.ActiveCfg = Debug|Any CPU
		{ABDB8E7D-DDE7-45A0-A20A-6EAE66E7C72E}.Debug|Any CPU.Build.0 = Debug|Any CPU
		{ABDB8E7D-DDE7-45A0-A20A-6EAE66E7C72E}.Debug|Any CPU.Deploy.0 = Debug|Any CPU
		{ABDB8E7D-DDE7-45A0-A20A-6EAE66E7C72E}.Release|Any CPU.ActiveCfg = Release|Any CPU
		{ABDB8E7D-DDE7-45A0-A20A-6EAE66E7C72E}.Release|Any CPU.Build.0 = Release|Any CPU
		{ABDB8E7D-DDE7-45A0-A20A-6EAE66E7C72E}.Release|Any CPU.Deploy.0 = Release|Any CPU
		{84849601-1348-4C5E-B654-9A984A08E62E}.Debug|Any CPU.ActiveCfg = Debug|Any CPU
		{84849601-1348-4C5E-B654-9A984A08E62E}.Debug|Any CPU.Build.0 = Debug|Any CPU
		{84849601-1348-4C5E-B654-9A984A08E62E}.Release|Any CPU.ActiveCfg = Release|Any CPU
		{84849601-1348-4C5E-B654-9A984A08E62E}.Release|Any CPU.Build.0 = Release|Any CPU
		{BFF236E5-6FA1-4A70-90AD-A0C9609FE29B}.Debug|Any CPU.ActiveCfg = Debug|Any CPU
		{BFF236E5-6FA1-4A70-90AD-A0C9609FE29B}.Debug|Any CPU.Build.0 = Debug|Any CPU
		{BFF236E5-6FA1-4A70-90AD-A0C9609FE29B}.Debug|Any CPU.Deploy.0 = Debug|Any CPU
		{BFF236E5-6FA1-4A70-90AD-A0C9609FE29B}.Release|Any CPU.ActiveCfg = Release|Any CPU
		{BFF236E5-6FA1-4A70-90AD-A0C9609FE29B}.Release|Any CPU.Build.0 = Release|Any CPU
		{BFF236E5-6FA1-4A70-90AD-A0C9609FE29B}.Release|Any CPU.Deploy.0 = Release|Any CPU
		{FD4CEB9D-0EC5-49E1-B37D-C1170E581842}.Debug|Any CPU.ActiveCfg = Debug|Any CPU
		{FD4CEB9D-0EC5-49E1-B37D-C1170E581842}.Debug|Any CPU.Build.0 = Debug|Any CPU
		{FD4CEB9D-0EC5-49E1-B37D-C1170E581842}.Release|Any CPU.ActiveCfg = Release|Any CPU
		{FD4CEB9D-0EC5-49E1-B37D-C1170E581842}.Release|Any CPU.Build.0 = Release|Any CPU
		{7AB3027C-DDFB-4781-9D97-CDA6A204DC42}.Debug|Any CPU.ActiveCfg = Debug|Any CPU
		{7AB3027C-DDFB-4781-9D97-CDA6A204DC42}.Debug|Any CPU.Build.0 = Debug|Any CPU
		{7AB3027C-DDFB-4781-9D97-CDA6A204DC42}.Release|Any CPU.ActiveCfg = Release|Any CPU
		{7AB3027C-DDFB-4781-9D97-CDA6A204DC42}.Release|Any CPU.Build.0 = Release|Any CPU
		{D5E6F7A8-9B0C-1D2E-3F4A-5B6C7D8E9F0A}.Debug|Any CPU.ActiveCfg = Debug|Any CPU
		{D5E6F7A8-9B0C-1D2E-3F4A-5B6C7D8E9F0A}.Debug|Any CPU.Build.0 = Debug|Any CPU
		{D5E6F7A8-9B0C-1D2E-3F4A-5B6C7D8E9F0A}.Release|Any CPU.ActiveCfg = Release|Any CPU
		{D5E6F7A8-9B0C-1D2E-3F4A-5B6C7D8E9F0A}.Release|Any CPU.Build.0 = Release|Any CPU
		{B2B71706-0A48-42C1-AFC0-6D850EA76F3D}.Debug|Any CPU.ActiveCfg = Debug|Any CPU
		{B2B71706-0A48-42C1-AFC0-6D850EA76F3D}.Debug|Any CPU.Build.0 = Debug|Any CPU
		{B2B71706-0A48-42C1-AFC0-6D850EA76F3D}.Release|Any CPU.ActiveCfg = Release|Any CPU
		{B2B71706-0A48-42C1-AFC0-6D850EA76F3D}.Release|Any CPU.Build.0 = Release|Any CPU
		{776501BE-E5FE-1E06-690C-5957CD89BAED}.Debug|Any CPU.ActiveCfg = Debug|Any CPU
		{776501BE-E5FE-1E06-690C-5957CD89BAED}.Debug|Any CPU.Build.0 = Debug|Any CPU
		{776501BE-E5FE-1E06-690C-5957CD89BAED}.Release|Any CPU.ActiveCfg = Release|Any CPU
		{776501BE-E5FE-1E06-690C-5957CD89BAED}.Release|Any CPU.Build.0 = Release|Any CPU
		{2927AFDB-B5DD-695F-EFC1-D144737AF6D1}.Debug|Any CPU.ActiveCfg = Debug|Any CPU
		{2927AFDB-B5DD-695F-EFC1-D144737AF6D1}.Debug|Any CPU.Build.0 = Debug|Any CPU
		{2927AFDB-B5DD-695F-EFC1-D144737AF6D1}.Release|Any CPU.ActiveCfg = Release|Any CPU
		{2927AFDB-B5DD-695F-EFC1-D144737AF6D1}.Release|Any CPU.Build.0 = Release|Any CPU
		{C1A2B3D4-5E6F-7890-ABCD-EF1234567890}.Debug|Any CPU.ActiveCfg = Debug|Any CPU
		{C1A2B3D4-5E6F-7890-ABCD-EF1234567890}.Debug|Any CPU.Build.0 = Debug|Any CPU
		{C1A2B3D4-5E6F-7890-ABCD-EF1234567890}.Release|Any CPU.ActiveCfg = Release|Any CPU
		{C1A2B3D4-5E6F-7890-ABCD-EF1234567890}.Release|Any CPU.Build.0 = Release|Any CPU
		{123EC599-26AF-43F7-9774-0228CA4D3A4A}.Debug|Any CPU.ActiveCfg = Debug|Any CPU
		{123EC599-26AF-43F7-9774-0228CA4D3A4A}.Debug|Any CPU.Build.0 = Debug|Any CPU
		{123EC599-26AF-43F7-9774-0228CA4D3A4A}.Release|Any CPU.ActiveCfg = Release|Any CPU
		{123EC599-26AF-43F7-9774-0228CA4D3A4A}.Release|Any CPU.Build.0 = Release|Any CPU
		{C4AAD137-8AD3-469F-B55F-BB83EF2E9D29}.Debug|Any CPU.ActiveCfg = Debug|Any CPU
		{C4AAD137-8AD3-469F-B55F-BB83EF2E9D29}.Debug|Any CPU.Build.0 = Debug|Any CPU
		{C4AAD137-8AD3-469F-B55F-BB83EF2E9D29}.Release|Any CPU.ActiveCfg = Release|Any CPU
		{C4AAD137-8AD3-469F-B55F-BB83EF2E9D29}.Release|Any CPU.Build.0 = Release|Any CPU
	EndGlobalSection
	GlobalSection(SolutionProperties) = preSolution
		HideSolutionNode = FALSE
	EndGlobalSection
	GlobalSection(NestedProjects) = preSolution
		{D45F4DF6-5438-4486-B6CE-A43BFB55B772} = {A6F2765B-2FE3-4448-BD84-D656E66466C2}
		{EA96D405-BFB9-4182-936A-4EFFA520F3A2} = {9424FE2F-EA7C-49CB-9873-0F157F4C0B71}
		{5ED91092-A0FC-48EB-B7BC-F8AC2E601D65} = {E0DFC523-7D7B-4C94-968B-98C31B06AEF6}
		{0E36168E-6AFF-4A5D-B871-7EC9CE8797E6} = {02EA681E-C7D8-13C7-8484-4AC65E1B71E8}
		{81D9EBC3-0A38-4647-8EFB-9CDFA2EB6033} = {02EA681E-C7D8-13C7-8484-4AC65E1B71E8}
		{ABDB8E7D-DDE7-45A0-A20A-6EAE66E7C72E} = {02EA681E-C7D8-13C7-8484-4AC65E1B71E8}
		{84849601-1348-4C5E-B654-9A984A08E62E} = {E0DFC523-7D7B-4C94-968B-98C31B06AEF6}
		{BFF236E5-6FA1-4A70-90AD-A0C9609FE29B} = {02EA681E-C7D8-13C7-8484-4AC65E1B71E8}
		{FD4CEB9D-0EC5-49E1-B37D-C1170E581842} = {E0DFC523-7D7B-4C94-968B-98C31B06AEF6}
		{7AB3027C-DDFB-4781-9D97-CDA6A204DC42} = {02EA681E-C7D8-13C7-8484-4AC65E1B71E8}
		{D5E6F7A8-9B0C-1D2E-3F4A-5B6C7D8E9F0A} = {02EA681E-C7D8-13C7-8484-4AC65E1B71E8}
		{B2B71706-0A48-42C1-AFC0-6D850EA76F3D} = {E0DFC523-7D7B-4C94-968B-98C31B06AEF6}
		{776501BE-E5FE-1E06-690C-5957CD89BAED} = {A6F2765B-2FE3-4448-BD84-D656E66466C2}
		{2927AFDB-B5DD-695F-EFC1-D144737AF6D1} = {E0DFC523-7D7B-4C94-968B-98C31B06AEF6}
		{C1A2B3D4-5E6F-7890-ABCD-EF1234567890} = {E0DFC523-7D7B-4C94-968B-98C31B06AEF6}
		{123EC599-26AF-43F7-9774-0228CA4D3A4A} = {D23B5BAB-FB4E-48E6-927C-9B62259BA3A5}
		{C4AAD137-8AD3-469F-B55F-BB83EF2E9D29} = {D23B5BAB-FB4E-48E6-927C-9B62259BA3A5}
	EndGlobalSection
	GlobalSection(ExtensibilityGlobals) = postSolution
		SolutionGuid = {001A04BF-110B-43E3-8C60-7D81403E4146}
	EndGlobalSection
EndGlobal
